
Microsoft Visual Studio Solution File, Format Version 12.00
# Visual Studio Version 17
VisualStudioVersion = 17.3.32804.467
MinimumVisualStudioVersion = 10.0.40219.1
Project("{9A19103F-16F7-4668-BE54-9A1E7A4F7556}") = "Wilco", "Wilco\Wilco.csproj", "{045828EA-1FEE-40EC-B633-549D2DCB959A}"
EndProject
Project("{9A19103F-16F7-4668-BE54-9A1E7A4F7556}") = "Wilco.DataAccess", "Wilco.DataAccess\Wilco.DataAccess.csproj", "{968B4CAC-EABF-4953-A9A6-6832F1A551A8}"
EndProject
Global
	GlobalSection(SolutionConfigurationPlatforms) = preSolution
		Debug|Any CPU = Debug|Any CPU
		Release|Any CPU = Release|Any CPU
	EndGlobalSection
	GlobalSection(ProjectConfigurationPlatforms) = postSolution
		{045828EA-1FEE-40EC-B633-549D2DCB959A}.Debug|Any CPU.ActiveCfg = Debug|Any CPU
		{045828EA-1FEE-40EC-B633-549D2DCB959A}.Debug|Any CPU.Build.0 = Debug|Any CPU
		{045828EA-1FEE-40EC-B633-549D2DCB959A}.Release|Any CPU.ActiveCfg = Release|Any CPU
		{045828EA-1FEE-40EC-B633-549D2DCB959A}.Release|Any CPU.Build.0 = Release|Any CPU
		{968B4CAC-EABF-4953-A9A6-6832F1A551A8}.Debug|Any CPU.ActiveCfg = Debug|Any CPU
		{968B4CAC-EABF-4953-A9A6-6832F1A551A8}.Debug|Any CPU.Build.0 = Debug|Any CPU
		{968B4CAC-EABF-4953-A9A6-6832F1A551A8}.Release|Any CPU.ActiveCfg = Release|Any CPU
		{968B4CAC-EABF-4953-A9A6-6832F1A551A8}.Release|Any CPU.Build.0 = Release|Any CPU
	EndGlobalSection
	GlobalSection(SolutionProperties) = preSolution
		HideSolutionNode = FALSE
	EndGlobalSection
	GlobalSection(ExtensibilityGlobals) = postSolution
		SolutionGuid = {4240299C-4EDF-40DA-A00F-D8EEF0D38BC6}
	EndGlobalSection
EndGlobal
